
Microsoft Visual Studio Solution File, Format Version 12.00
# Visual Studio 15
VisualStudioVersion = 15.0.26124.0
MinimumVisualStudioVersion = 15.0.26124.0
Project("{FAE04EC0-301F-11D3-BF4B-00C04F79EFBC}") = "BowlingGame", "src\BowlingGame.csproj", "{BC1ED009-FE8A-4417-8E63-0F45C34384E9}"
EndProject
Project("{FAE04EC0-301F-11D3-BF4B-00C04F79EFBC}") = "BowlingGameTest", "test\BowlingGameTest.csproj", "{4AE7334C-6A54-4580-B17D-52C159FF75FA}"
EndProject
Global
	GlobalSection(SolutionConfigurationPlatforms) = preSolution
		Debug|Any CPU = Debug|Any CPU
		Debug|x64 = Debug|x64
		Debug|x86 = Debug|x86
		Release|Any CPU = Release|Any CPU
		Release|x64 = Release|x64
		Release|x86 = Release|x86
	EndGlobalSection
	GlobalSection(SolutionProperties) = preSolution
		HideSolutionNode = FALSE
	EndGlobalSection
	GlobalSection(ProjectConfigurationPlatforms) = postSolution
		{BC1ED009-FE8A-4417-8E63-0F45C34384E9}.Debug|Any CPU.ActiveCfg = Debug|Any CPU
		{BC1ED009-FE8A-4417-8E63-0F45C34384E9}.Debug|Any CPU.Build.0 = Debug|Any CPU
		{BC1ED009-FE8A-4417-8E63-0F45C34384E9}.Debug|x64.ActiveCfg = Debug|Any CPU
		{BC1ED009-FE8A-4417-8E63-0F45C34384E9}.Debug|x64.Build.0 = Debug|Any CPU
		{BC1ED009-FE8A-4417-8E63-0F45C34384E9}.Debug|x86.ActiveCfg = Debug|Any CPU
		{BC1ED009-FE8A-4417-8E63-0F45C34384E9}.Debug|x86.Build.0 = Debug|Any CPU
		{BC1ED009-FE8A-4417-8E63-0F45C34384E9}.Release|Any CPU.ActiveCfg = Release|Any CPU
		{BC1ED009-FE8A-4417-8E63-0F45C34384E9}.Release|Any CPU.Build.0 = Release|Any CPU
		{BC1ED009-FE8A-4417-8E63-0F45C34384E9}.Release|x64.ActiveCfg = Release|Any CPU
		{BC1ED009-FE8A-4417-8E63-0F45C34384E9}.Release|x64.Build.0 = Release|Any CPU
		{BC1ED009-FE8A-4417-8E63-0F45C34384E9}.Release|x86.ActiveCfg = Release|Any CPU
		{BC1ED009-FE8A-4417-8E63-0F45C34384E9}.Release|x86.Build.0 = Release|Any CPU
		{4AE7334C-6A54-4580-B17D-52C159FF75FA}.Debug|Any CPU.ActiveCfg = Debug|Any CPU
		{4AE7334C-6A54-4580-B17D-52C159FF75FA}.Debug|Any CPU.Build.0 = Debug|Any CPU
		{4AE7334C-6A54-4580-B17D-52C159FF75FA}.Debug|x64.ActiveCfg = Debug|Any CPU
		{4AE7334C-6A54-4580-B17D-52C159FF75FA}.Debug|x64.Build.0 = Debug|Any CPU
		{4AE7334C-6A54-4580-B17D-52C159FF75FA}.Debug|x86.ActiveCfg = Debug|Any CPU
		{4AE7334C-6A54-4580-B17D-52C159FF75FA}.Debug|x86.Build.0 = Debug|Any CPU
		{4AE7334C-6A54-4580-B17D-52C159FF75FA}.Release|Any CPU.ActiveCfg = Release|Any CPU
		{4AE7334C-6A54-4580-B17D-52C159FF75FA}.Release|Any CPU.Build.0 = Release|Any CPU
		{4AE7334C-6A54-4580-B17D-52C159FF75FA}.Release|x64.ActiveCfg = Release|Any CPU
		{4AE7334C-6A54-4580-B17D-52C159FF75FA}.Release|x64.Build.0 = Release|Any CPU
		{4AE7334C-6A54-4580-B17D-52C159FF75FA}.Release|x86.ActiveCfg = Release|Any CPU
		{4AE7334C-6A54-4580-B17D-52C159FF75FA}.Release|x86.Build.0 = Release|Any CPU
	EndGlobalSection
EndGlobal
